// !$*UTF8*$!
{
	archiveVersion = 1;
	classes = {
	};
	objectVersion = 46;
	objects = {

/* Begin PBXBuildFile section */
		1AC099DEF85DC5D2D10F690A /* Pods_ArrowDreamTests.framework in Frameworks */ = {isa = PBXBuildFile; fileRef = AEF0CA84A3D63BC291D045A9 /* Pods_ArrowDreamTests.framework */; };
		1EFFFF296FEB98CBFD96BD51 /* Pods_ArrowDream.framework in Frameworks */ = {isa = PBXBuildFile; fileRef = 4B7483D509CFF0CD4DFF5E8B /* Pods_ArrowDream.framework */; };
		9088026FAD5370CF1003AB20 /* Pods_ArrowDreamUITests.framework in Frameworks */ = {isa = PBXBuildFile; fileRef = 8D30C7D98D0F37F3A96BE812 /* Pods_ArrowDreamUITests.framework */; };
		DB17D8E21DD300A500183207 /* Extensions.swift in Sources */ = {isa = PBXBuildFile; fileRef = DB17D8E11DD300A500183207 /* Extensions.swift */; };
		DB1AB9081DD606380073B172 /* MainController.swift in Sources */ = {isa = PBXBuildFile; fileRef = DB1AB9071DD606380073B172 /* MainController.swift */; };
		DB3BE89F1DD39AFC0052481C /* LoginView.swift in Sources */ = {isa = PBXBuildFile; fileRef = DB3BE89E1DD39AFC0052481C /* LoginView.swift */; };
		DB80D1871DD10EAC004B86B6 /* AppDelegate.swift in Sources */ = {isa = PBXBuildFile; fileRef = DB80D1861DD10EAC004B86B6 /* AppDelegate.swift */; };
		DB80D1891DD10EAC004B86B6 /* LoginController.swift in Sources */ = {isa = PBXBuildFile; fileRef = DB80D1881DD10EAC004B86B6 /* LoginController.swift */; };
		DB80D18C1DD10EAC004B86B6 /* Main.storyboard in Resources */ = {isa = PBXBuildFile; fileRef = DB80D18A1DD10EAC004B86B6 /* Main.storyboard */; };
		DB80D18E1DD10EAC004B86B6 /* Assets.xcassets in Resources */ = {isa = PBXBuildFile; fileRef = DB80D18D1DD10EAC004B86B6 /* Assets.xcassets */; };
		DB80D1911DD10EAC004B86B6 /* LaunchScreen.storyboard in Resources */ = {isa = PBXBuildFile; fileRef = DB80D18F1DD10EAC004B86B6 /* LaunchScreen.storyboard */; };
		DB80D19C1DD10EAD004B86B6 /* ArrowDreamTests.swift in Sources */ = {isa = PBXBuildFile; fileRef = DB80D19B1DD10EAD004B86B6 /* ArrowDreamTests.swift */; };
		DB80D1A71DD10EAD004B86B6 /* ArrowDreamUITests.swift in Sources */ = {isa = PBXBuildFile; fileRef = DB80D1A61DD10EAD004B86B6 /* ArrowDreamUITests.swift */; };
		DB80D1B51DD1119D004B86B6 /* GoogleService-Info.plist in Resources */ = {isa = PBXBuildFile; fileRef = DB80D1B41DD1119D004B86B6 /* GoogleService-Info.plist */; };
		DB9BA91F1DE8260A00285AFB /* CustomButton.swift in Sources */ = {isa = PBXBuildFile; fileRef = DB9BA91E1DE8260A00285AFB /* CustomButton.swift */; };
/* End PBXBuildFile section */

/* Begin PBXContainerItemProxy section */
		DB80D1981DD10EAD004B86B6 /* PBXContainerItemProxy */ = {
			isa = PBXContainerItemProxy;
			containerPortal = DB80D17B1DD10EAC004B86B6 /* Project object */;
			proxyType = 1;
			remoteGlobalIDString = DB80D1821DD10EAC004B86B6;
			remoteInfo = ArrowDream;
		};
		DB80D1A31DD10EAD004B86B6 /* PBXContainerItemProxy */ = {
			isa = PBXContainerItemProxy;
			containerPortal = DB80D17B1DD10EAC004B86B6 /* Project object */;
			proxyType = 1;
			remoteGlobalIDString = DB80D1821DD10EAC004B86B6;
			remoteInfo = ArrowDream;
		};
/* End PBXContainerItemProxy section */

/* Begin PBXFileReference section */
		2CB2652176C0E59C8D1323C9 /* Pods-ArrowDreamTests.release.xcconfig */ = {isa = PBXFileReference; includeInIndex = 1; lastKnownFileType = text.xcconfig; name = "Pods-ArrowDreamTests.release.xcconfig"; path = "Pods/Target Support Files/Pods-ArrowDreamTests/Pods-ArrowDreamTests.release.xcconfig"; sourceTree = "<group>"; };
		35543E80E78BBE1EF95E65B5 /* Pods-ArrowDreamUITests.release.xcconfig */ = {isa = PBXFileReference; includeInIndex = 1; lastKnownFileType = text.xcconfig; name = "Pods-ArrowDreamUITests.release.xcconfig"; path = "Pods/Target Support Files/Pods-ArrowDreamUITests/Pods-ArrowDreamUITests.release.xcconfig"; sourceTree = "<group>"; };
		4B7483D509CFF0CD4DFF5E8B /* Pods_ArrowDream.framework */ = {isa = PBXFileReference; explicitFileType = wrapper.framework; includeInIndex = 0; path = Pods_ArrowDream.framework; sourceTree = BUILT_PRODUCTS_DIR; };
		552DEB383B47BB7F5043877A /* Pods-ArrowDreamUITests.debug.xcconfig */ = {isa = PBXFileReference; includeInIndex = 1; lastKnownFileType = text.xcconfig; name = "Pods-ArrowDreamUITests.debug.xcconfig"; path = "Pods/Target Support Files/Pods-ArrowDreamUITests/Pods-ArrowDreamUITests.debug.xcconfig"; sourceTree = "<group>"; };
		5C40A52D981AA4111C4348C5 /* Pods-ArrowDreamTests.debug.xcconfig */ = {isa = PBXFileReference; includeInIndex = 1; lastKnownFileType = text.xcconfig; name = "Pods-ArrowDreamTests.debug.xcconfig"; path = "Pods/Target Support Files/Pods-ArrowDreamTests/Pods-ArrowDreamTests.debug.xcconfig"; sourceTree = "<group>"; };
		620AA3F374D48244EBD8938E /* Pods-ArrowDream.debug.xcconfig */ = {isa = PBXFileReference; includeInIndex = 1; lastKnownFileType = text.xcconfig; name = "Pods-ArrowDream.debug.xcconfig"; path = "Pods/Target Support Files/Pods-ArrowDream/Pods-ArrowDream.debug.xcconfig"; sourceTree = "<group>"; };
		8D30C7D98D0F37F3A96BE812 /* Pods_ArrowDreamUITests.framework */ = {isa = PBXFileReference; explicitFileType = wrapper.framework; includeInIndex = 0; path = Pods_ArrowDreamUITests.framework; sourceTree = BUILT_PRODUCTS_DIR; };
		AEF0CA84A3D63BC291D045A9 /* Pods_ArrowDreamTests.framework */ = {isa = PBXFileReference; explicitFileType = wrapper.framework; includeInIndex = 0; path = Pods_ArrowDreamTests.framework; sourceTree = BUILT_PRODUCTS_DIR; };
		D3BFFD5751F9AC5CD0365D45 /* Pods-ArrowDream.release.xcconfig */ = {isa = PBXFileReference; includeInIndex = 1; lastKnownFileType = text.xcconfig; name = "Pods-ArrowDream.release.xcconfig"; path = "Pods/Target Support Files/Pods-ArrowDream/Pods-ArrowDream.release.xcconfig"; sourceTree = "<group>"; };
		DB17D8E11DD300A500183207 /* Extensions.swift */ = {isa = PBXFileReference; fileEncoding = 4; lastKnownFileType = sourcecode.swift; path = Extensions.swift; sourceTree = "<group>"; };
		DB1AB9071DD606380073B172 /* MainController.swift */ = {isa = PBXFileReference; fileEncoding = 4; lastKnownFileType = sourcecode.swift; path = MainController.swift; sourceTree = "<group>"; };
		DB3BE89E1DD39AFC0052481C /* LoginView.swift */ = {isa = PBXFileReference; fileEncoding = 4; lastKnownFileType = sourcecode.swift; path = LoginView.swift; sourceTree = "<group>"; };
		DB80D1831DD10EAC004B86B6 /* ArrowDream.app */ = {isa = PBXFileReference; explicitFileType = wrapper.application; includeInIndex = 0; path = ArrowDream.app; sourceTree = BUILT_PRODUCTS_DIR; };
		DB80D1861DD10EAC004B86B6 /* AppDelegate.swift */ = {isa = PBXFileReference; lastKnownFileType = sourcecode.swift; path = AppDelegate.swift; sourceTree = "<group>"; };
		DB80D1881DD10EAC004B86B6 /* LoginController.swift */ = {isa = PBXFileReference; lastKnownFileType = sourcecode.swift; path = LoginController.swift; sourceTree = "<group>"; };
		DB80D18B1DD10EAC004B86B6 /* Base */ = {isa = PBXFileReference; lastKnownFileType = file.storyboard; name = Base; path = Base.lproj/Main.storyboard; sourceTree = "<group>"; };
		DB80D18D1DD10EAC004B86B6 /* Assets.xcassets */ = {isa = PBXFileReference; lastKnownFileType = folder.assetcatalog; path = Assets.xcassets; sourceTree = "<group>"; };
		DB80D1901DD10EAC004B86B6 /* Base */ = {isa = PBXFileReference; lastKnownFileType = file.storyboard; name = Base; path = Base.lproj/LaunchScreen.storyboard; sourceTree = "<group>"; };
		DB80D1921DD10EAC004B86B6 /* Info.plist */ = {isa = PBXFileReference; lastKnownFileType = text.plist.xml; path = Info.plist; sourceTree = "<group>"; };
		DB80D1971DD10EAD004B86B6 /* ArrowDreamTests.xctest */ = {isa = PBXFileReference; explicitFileType = wrapper.cfbundle; includeInIndex = 0; path = ArrowDreamTests.xctest; sourceTree = BUILT_PRODUCTS_DIR; };
		DB80D19B1DD10EAD004B86B6 /* ArrowDreamTests.swift */ = {isa = PBXFileReference; lastKnownFileType = sourcecode.swift; path = ArrowDreamTests.swift; sourceTree = "<group>"; };
		DB80D19D1DD10EAD004B86B6 /* Info.plist */ = {isa = PBXFileReference; lastKnownFileType = text.plist.xml; path = Info.plist; sourceTree = "<group>"; };
		DB80D1A21DD10EAD004B86B6 /* ArrowDreamUITests.xctest */ = {isa = PBXFileReference; explicitFileType = wrapper.cfbundle; includeInIndex = 0; path = ArrowDreamUITests.xctest; sourceTree = BUILT_PRODUCTS_DIR; };
		DB80D1A61DD10EAD004B86B6 /* ArrowDreamUITests.swift */ = {isa = PBXFileReference; lastKnownFileType = sourcecode.swift; path = ArrowDreamUITests.swift; sourceTree = "<group>"; };
		DB80D1A81DD10EAD004B86B6 /* Info.plist */ = {isa = PBXFileReference; lastKnownFileType = text.plist.xml; path = Info.plist; sourceTree = "<group>"; };
		DB80D1B41DD1119D004B86B6 /* GoogleService-Info.plist */ = {isa = PBXFileReference; fileEncoding = 4; lastKnownFileType = text.plist.xml; path = "GoogleService-Info.plist"; sourceTree = "<group>"; };
		DB80D1B61DD111F2004B86B6 /* ArrowDream.entitlements */ = {isa = PBXFileReference; lastKnownFileType = text.plist.entitlements; path = ArrowDream.entitlements; sourceTree = "<group>"; };
		DB9BA91E1DE8260A00285AFB /* CustomButton.swift */ = {isa = PBXFileReference; fileEncoding = 4; lastKnownFileType = sourcecode.swift; path = CustomButton.swift; sourceTree = "<group>"; };
/* End PBXFileReference section */

/* Begin PBXFrameworksBuildPhase section */
		DB80D1801DD10EAC004B86B6 /* Frameworks */ = {
			isa = PBXFrameworksBuildPhase;
			buildActionMask = 2147483647;
			files = (
				1EFFFF296FEB98CBFD96BD51 /* Pods_ArrowDream.framework in Frameworks */,
			);
			runOnlyForDeploymentPostprocessing = 0;
		};
		DB80D1941DD10EAD004B86B6 /* Frameworks */ = {
			isa = PBXFrameworksBuildPhase;
			buildActionMask = 2147483647;
			files = (
				1AC099DEF85DC5D2D10F690A /* Pods_ArrowDreamTests.framework in Frameworks */,
			);
			runOnlyForDeploymentPostprocessing = 0;
		};
		DB80D19F1DD10EAD004B86B6 /* Frameworks */ = {
			isa = PBXFrameworksBuildPhase;
			buildActionMask = 2147483647;
			files = (
				9088026FAD5370CF1003AB20 /* Pods_ArrowDreamUITests.framework in Frameworks */,
			);
			runOnlyForDeploymentPostprocessing = 0;
		};
/* End PBXFrameworksBuildPhase section */

/* Begin PBXGroup section */
		9C1E827190952537D0DC69BB /* Frameworks */ = {
			isa = PBXGroup;
			children = (
				4B7483D509CFF0CD4DFF5E8B /* Pods_ArrowDream.framework */,
				AEF0CA84A3D63BC291D045A9 /* Pods_ArrowDreamTests.framework */,
				8D30C7D98D0F37F3A96BE812 /* Pods_ArrowDreamUITests.framework */,
			);
			name = Frameworks;
			sourceTree = "<group>";
		};
		DB17D8E01DD3008D00183207 /* Helpers */ = {
			isa = PBXGroup;
			children = (
				DB17D8E11DD300A500183207 /* Extensions.swift */,
			);
			name = Helpers;
			sourceTree = "<group>";
		};
		DB3BE89B1DD38CB20052481C /* Views */ = {
			isa = PBXGroup;
			children = (
				DB3BE89E1DD39AFC0052481C /* LoginView.swift */,
			);
			name = Views;
			sourceTree = "<group>";
		};
		DB3BE89C1DD38CBB0052481C /* Models */ = {
			isa = PBXGroup;
			children = (
				DB9BA91E1DE8260A00285AFB /* CustomButton.swift */,
			);
			name = Models;
			sourceTree = "<group>";
		};
		DB3BE89D1DD38CC10052481C /* Controllers */ = {
			isa = PBXGroup;
			children = (
				DB80D1881DD10EAC004B86B6 /* LoginController.swift */,
				DB1AB9071DD606380073B172 /* MainController.swift */,
			);
			name = Controllers;
			sourceTree = "<group>";
		};
		DB80D17A1DD10EAC004B86B6 = {
			isa = PBXGroup;
			children = (
				DB80D1851DD10EAC004B86B6 /* ArrowDream */,
				DB80D19A1DD10EAD004B86B6 /* ArrowDreamTests */,
				DB80D1A51DD10EAD004B86B6 /* ArrowDreamUITests */,
				DB80D1841DD10EAC004B86B6 /* Products */,
				EFF5C13CEA5E75B5F00805AF /* Pods */,
				9C1E827190952537D0DC69BB /* Frameworks */,
			);
			sourceTree = "<group>";
		};
		DB80D1841DD10EAC004B86B6 /* Products */ = {
			isa = PBXGroup;
			children = (
				DB80D1831DD10EAC004B86B6 /* ArrowDream.app */,
				DB80D1971DD10EAD004B86B6 /* ArrowDreamTests.xctest */,
				DB80D1A21DD10EAD004B86B6 /* ArrowDreamUITests.xctest */,
			);
			name = Products;
			sourceTree = "<group>";
		};
		DB80D1851DD10EAC004B86B6 /* ArrowDream */ = {
			isa = PBXGroup;
			children = (
				DB17D8E01DD3008D00183207 /* Helpers */,
				DB3BE89C1DD38CBB0052481C /* Models */,
				DB3BE89B1DD38CB20052481C /* Views */,
				DB3BE89D1DD38CC10052481C /* Controllers */,
				DB80D1B61DD111F2004B86B6 /* ArrowDream.entitlements */,
				DB80D1861DD10EAC004B86B6 /* AppDelegate.swift */,
				DB80D18A1DD10EAC004B86B6 /* Main.storyboard */,
				DB80D18D1DD10EAC004B86B6 /* Assets.xcassets */,
				DB80D18F1DD10EAC004B86B6 /* LaunchScreen.storyboard */,
				DB80D1921DD10EAC004B86B6 /* Info.plist */,
				DB80D1B41DD1119D004B86B6 /* GoogleService-Info.plist */,
			);
			path = ArrowDream;
			sourceTree = "<group>";
		};
		DB80D19A1DD10EAD004B86B6 /* ArrowDreamTests */ = {
			isa = PBXGroup;
			children = (
				DB80D19B1DD10EAD004B86B6 /* ArrowDreamTests.swift */,
				DB80D19D1DD10EAD004B86B6 /* Info.plist */,
			);
			path = ArrowDreamTests;
			sourceTree = "<group>";
		};
		DB80D1A51DD10EAD004B86B6 /* ArrowDreamUITests */ = {
			isa = PBXGroup;
			children = (
				DB80D1A61DD10EAD004B86B6 /* ArrowDreamUITests.swift */,
				DB80D1A81DD10EAD004B86B6 /* Info.plist */,
			);
			path = ArrowDreamUITests;
			sourceTree = "<group>";
		};
		EFF5C13CEA5E75B5F00805AF /* Pods */ = {
			isa = PBXGroup;
			children = (
				620AA3F374D48244EBD8938E /* Pods-ArrowDream.debug.xcconfig */,
				D3BFFD5751F9AC5CD0365D45 /* Pods-ArrowDream.release.xcconfig */,
				5C40A52D981AA4111C4348C5 /* Pods-ArrowDreamTests.debug.xcconfig */,
				2CB2652176C0E59C8D1323C9 /* Pods-ArrowDreamTests.release.xcconfig */,
				552DEB383B47BB7F5043877A /* Pods-ArrowDreamUITests.debug.xcconfig */,
				35543E80E78BBE1EF95E65B5 /* Pods-ArrowDreamUITests.release.xcconfig */,
			);
			name = Pods;
			sourceTree = "<group>";
		};
/* End PBXGroup section */

/* Begin PBXNativeTarget section */
		DB80D1821DD10EAC004B86B6 /* ArrowDream */ = {
			isa = PBXNativeTarget;
			buildConfigurationList = DB80D1AB1DD10EAD004B86B6 /* Build configuration list for PBXNativeTarget "ArrowDream" */;
			buildPhases = (
				A0BFF303DB46B51DA228EB49 /* [CP] Check Pods Manifest.lock */,
				DB80D17F1DD10EAC004B86B6 /* Sources */,
				DB80D1801DD10EAC004B86B6 /* Frameworks */,
				DB80D1811DD10EAC004B86B6 /* Resources */,
				3B09CB31E7CC9DE1DA5AD454 /* [CP] Embed Pods Frameworks */,
				83560862E8F2FD356E972E86 /* [CP] Copy Pods Resources */,
			);
			buildRules = (
			);
			dependencies = (
			);
			name = ArrowDream;
			productName = ArrowDream;
			productReference = DB80D1831DD10EAC004B86B6 /* ArrowDream.app */;
			productType = "com.apple.product-type.application";
		};
		DB80D1961DD10EAD004B86B6 /* ArrowDreamTests */ = {
			isa = PBXNativeTarget;
			buildConfigurationList = DB80D1AE1DD10EAD004B86B6 /* Build configuration list for PBXNativeTarget "ArrowDreamTests" */;
			buildPhases = (
				D83366AFFE432EAC110A32B5 /* [CP] Check Pods Manifest.lock */,
				DB80D1931DD10EAD004B86B6 /* Sources */,
				DB80D1941DD10EAD004B86B6 /* Frameworks */,
				DB80D1951DD10EAD004B86B6 /* Resources */,
				62EEFB40D9DE32A67CC55CF4 /* [CP] Embed Pods Frameworks */,
				FD240B47D8BDFABCC623A136 /* [CP] Copy Pods Resources */,
			);
			buildRules = (
			);
			dependencies = (
				DB80D1991DD10EAD004B86B6 /* PBXTargetDependency */,
			);
			name = ArrowDreamTests;
			productName = ArrowDreamTests;
			productReference = DB80D1971DD10EAD004B86B6 /* ArrowDreamTests.xctest */;
			productType = "com.apple.product-type.bundle.unit-test";
		};
		DB80D1A11DD10EAD004B86B6 /* ArrowDreamUITests */ = {
			isa = PBXNativeTarget;
			buildConfigurationList = DB80D1B11DD10EAD004B86B6 /* Build configuration list for PBXNativeTarget "ArrowDreamUITests" */;
			buildPhases = (
				AD722E7412A97CDB0991AD33 /* [CP] Check Pods Manifest.lock */,
				DB80D19E1DD10EAD004B86B6 /* Sources */,
				DB80D19F1DD10EAD004B86B6 /* Frameworks */,
				DB80D1A01DD10EAD004B86B6 /* Resources */,
				D6E4C952FE8CD81DB75E0123 /* [CP] Embed Pods Frameworks */,
				00D5235B618E28A265400514 /* [CP] Copy Pods Resources */,
			);
			buildRules = (
			);
			dependencies = (
				DB80D1A41DD10EAD004B86B6 /* PBXTargetDependency */,
			);
			name = ArrowDreamUITests;
			productName = ArrowDreamUITests;
			productReference = DB80D1A21DD10EAD004B86B6 /* ArrowDreamUITests.xctest */;
			productType = "com.apple.product-type.bundle.ui-testing";
		};
/* End PBXNativeTarget section */

/* Begin PBXProject section */
		DB80D17B1DD10EAC004B86B6 /* Project object */ = {
			isa = PBXProject;
			attributes = {
				LastSwiftUpdateCheck = 0810;
				LastUpgradeCheck = 0810;
				ORGANIZATIONNAME = "Flavius Condurache";
				TargetAttributes = {
					DB80D1821DD10EAC004B86B6 = {
						CreatedOnToolsVersion = 8.1;
						DevelopmentTeam = 4YBGQSFC2V;
						ProvisioningStyle = Automatic;
						SystemCapabilities = {
							com.apple.Keychain = {
								enabled = 1;
							};
						};
					};
					DB80D1961DD10EAD004B86B6 = {
						CreatedOnToolsVersion = 8.1;
						DevelopmentTeam = 4YBGQSFC2V;
						ProvisioningStyle = Automatic;
						TestTargetID = DB80D1821DD10EAC004B86B6;
					};
					DB80D1A11DD10EAD004B86B6 = {
						CreatedOnToolsVersion = 8.1;
						DevelopmentTeam = 4YBGQSFC2V;
						ProvisioningStyle = Automatic;
						TestTargetID = DB80D1821DD10EAC004B86B6;
					};
				};
			};
			buildConfigurationList = DB80D17E1DD10EAC004B86B6 /* Build configuration list for PBXProject "ArrowDream" */;
			compatibilityVersion = "Xcode 3.2";
			developmentRegion = English;
			hasScannedForEncodings = 0;
			knownRegions = (
				en,
				Base,
			);
			mainGroup = DB80D17A1DD10EAC004B86B6;
			productRefGroup = DB80D1841DD10EAC004B86B6 /* Products */;
			projectDirPath = "";
			projectRoot = "";
			targets = (
				DB80D1821DD10EAC004B86B6 /* ArrowDream */,
				DB80D1961DD10EAD004B86B6 /* ArrowDreamTests */,
				DB80D1A11DD10EAD004B86B6 /* ArrowDreamUITests */,
			);
		};
/* End PBXProject section */

/* Begin PBXResourcesBuildPhase section */
		DB80D1811DD10EAC004B86B6 /* Resources */ = {
			isa = PBXResourcesBuildPhase;
			buildActionMask = 2147483647;
			files = (
				DB80D1911DD10EAC004B86B6 /* LaunchScreen.storyboard in Resources */,
				DB80D1B51DD1119D004B86B6 /* GoogleService-Info.plist in Resources */,
				DB80D18E1DD10EAC004B86B6 /* Assets.xcassets in Resources */,
				DB80D18C1DD10EAC004B86B6 /* Main.storyboard in Resources */,
			);
			runOnlyForDeploymentPostprocessing = 0;
		};
		DB80D1951DD10EAD004B86B6 /* Resources */ = {
			isa = PBXResourcesBuildPhase;
			buildActionMask = 2147483647;
			files = (
			);
			runOnlyForDeploymentPostprocessing = 0;
		};
		DB80D1A01DD10EAD004B86B6 /* Resources */ = {
			isa = PBXResourcesBuildPhase;
			buildActionMask = 2147483647;
			files = (
			);
			runOnlyForDeploymentPostprocessing = 0;
		};
/* End PBXResourcesBuildPhase section */

/* Begin PBXShellScriptBuildPhase section */
		00D5235B618E28A265400514 /* [CP] Copy Pods Resources */ = {
			isa = PBXShellScriptBuildPhase;
			buildActionMask = 2147483647;
			files = (
			);
			inputPaths = (
			);
			name = "[CP] Copy Pods Resources";
			outputPaths = (
			);
			runOnlyForDeploymentPostprocessing = 0;
			shellPath = /bin/sh;
			shellScript = "\"${SRCROOT}/Pods/Target Support Files/Pods-ArrowDreamUITests/Pods-ArrowDreamUITests-resources.sh\"\n";
			showEnvVarsInLog = 0;
		};
		3B09CB31E7CC9DE1DA5AD454 /* [CP] Embed Pods Frameworks */ = {
			isa = PBXShellScriptBuildPhase;
			buildActionMask = 2147483647;
			files = (
			);
			inputPaths = (
			);
			name = "[CP] Embed Pods Frameworks";
			outputPaths = (
			);
			runOnlyForDeploymentPostprocessing = 0;
			shellPath = /bin/sh;
			shellScript = "\"${SRCROOT}/Pods/Target Support Files/Pods-ArrowDream/Pods-ArrowDream-frameworks.sh\"\n";
			showEnvVarsInLog = 0;
		};
		62EEFB40D9DE32A67CC55CF4 /* [CP] Embed Pods Frameworks */ = {
			isa = PBXShellScriptBuildPhase;
			buildActionMask = 2147483647;
			files = (
			);
			inputPaths = (
			);
			name = "[CP] Embed Pods Frameworks";
			outputPaths = (
			);
			runOnlyForDeploymentPostprocessing = 0;
			shellPath = /bin/sh;
			shellScript = "\"${SRCROOT}/Pods/Target Support Files/Pods-ArrowDreamTests/Pods-ArrowDreamTests-frameworks.sh\"\n";
			showEnvVarsInLog = 0;
		};
		83560862E8F2FD356E972E86 /* [CP] Copy Pods Resources */ = {
			isa = PBXShellScriptBuildPhase;
			buildActionMask = 2147483647;
			files = (
			);
			inputPaths = (
			);
			name = "[CP] Copy Pods Resources";
			outputPaths = (
			);
			runOnlyForDeploymentPostprocessing = 0;
			shellPath = /bin/sh;
			shellScript = "\"${SRCROOT}/Pods/Target Support Files/Pods-ArrowDream/Pods-ArrowDream-resources.sh\"\n";
			showEnvVarsInLog = 0;
		};
		A0BFF303DB46B51DA228EB49 /* [CP] Check Pods Manifest.lock */ = {
			isa = PBXShellScriptBuildPhase;
			buildActionMask = 2147483647;
			files = (
			);
			inputPaths = (
			);
			name = "[CP] Check Pods Manifest.lock";
			outputPaths = (
			);
			runOnlyForDeploymentPostprocessing = 0;
			shellPath = /bin/sh;
			shellScript = "diff \"${PODS_ROOT}/../Podfile.lock\" \"${PODS_ROOT}/Manifest.lock\" > /dev/null\nif [ $? != 0 ] ; then\n    # print error to STDERR\n    echo \"error: The sandbox is not in sync with the Podfile.lock. Run 'pod install' or update your CocoaPods installation.\" >&2\n    exit 1\nfi\n";
			showEnvVarsInLog = 0;
		};
		AD722E7412A97CDB0991AD33 /* [CP] Check Pods Manifest.lock */ = {
			isa = PBXShellScriptBuildPhase;
			buildActionMask = 2147483647;
			files = (
			);
			inputPaths = (
			);
			name = "[CP] Check Pods Manifest.lock";
			outputPaths = (
			);
			runOnlyForDeploymentPostprocessing = 0;
			shellPath = /bin/sh;
			shellScript = "diff \"${PODS_ROOT}/../Podfile.lock\" \"${PODS_ROOT}/Manifest.lock\" > /dev/null\nif [ $? != 0 ] ; then\n    # print error to STDERR\n    echo \"error: The sandbox is not in sync with the Podfile.lock. Run 'pod install' or update your CocoaPods installation.\" >&2\n    exit 1\nfi\n";
			showEnvVarsInLog = 0;
		};
		D6E4C952FE8CD81DB75E0123 /* [CP] Embed Pods Frameworks */ = {
			isa = PBXShellScriptBuildPhase;
			buildActionMask = 2147483647;
			files = (
			);
			inputPaths = (
			);
			name = "[CP] Embed Pods Frameworks";
			outputPaths = (
			);
			runOnlyForDeploymentPostprocessing = 0;
			shellPath = /bin/sh;
			shellScript = "\"${SRCROOT}/Pods/Target Support Files/Pods-ArrowDreamUITests/Pods-ArrowDreamUITests-frameworks.sh\"\n";
			showEnvVarsInLog = 0;
		};
		D83366AFFE432EAC110A32B5 /* [CP] Check Pods Manifest.lock */ = {
			isa = PBXShellScriptBuildPhase;
			buildActionMask = 2147483647;
			files = (
			);
			inputPaths = (
			);
			name = "[CP] Check Pods Manifest.lock";
			outputPaths = (
			);
			runOnlyForDeploymentPostprocessing = 0;
			shellPath = /bin/sh;
			shellScript = "diff \"${PODS_ROOT}/../Podfile.lock\" \"${PODS_ROOT}/Manifest.lock\" > /dev/null\nif [ $? != 0 ] ; then\n    # print error to STDERR\n    echo \"error: The sandbox is not in sync with the Podfile.lock. Run 'pod install' or update your CocoaPods installation.\" >&2\n    exit 1\nfi\n";
			showEnvVarsInLog = 0;
		};
		FD240B47D8BDFABCC623A136 /* [CP] Copy Pods Resources */ = {
			isa = PBXShellScriptBuildPhase;
			buildActionMask = 2147483647;
			files = (
			);
			inputPaths = (
			);
			name = "[CP] Copy Pods Resources";
			outputPaths = (
			);
			runOnlyForDeploymentPostprocessing = 0;
			shellPath = /bin/sh;
			shellScript = "\"${SRCROOT}/Pods/Target Support Files/Pods-ArrowDreamTests/Pods-ArrowDreamTests-resources.sh\"\n";
			showEnvVarsInLog = 0;
		};
/* End PBXShellScriptBuildPhase section */

/* Begin PBXSourcesBuildPhase section */
		DB80D17F1DD10EAC004B86B6 /* Sources */ = {
			isa = PBXSourcesBuildPhase;
			buildActionMask = 2147483647;
			files = (
				DB80D1891DD10EAC004B86B6 /* LoginController.swift in Sources */,
				DB17D8E21DD300A500183207 /* Extensions.swift in Sources */,
				DB9BA91F1DE8260A00285AFB /* CustomButton.swift in Sources */,
				DB3BE89F1DD39AFC0052481C /* LoginView.swift in Sources */,
				DB80D1871DD10EAC004B86B6 /* AppDelegate.swift in Sources */,
				DB1AB9081DD606380073B172 /* MainController.swift in Sources */,
			);
			runOnlyForDeploymentPostprocessing = 0;
		};
		DB80D1931DD10EAD004B86B6 /* Sources */ = {
			isa = PBXSourcesBuildPhase;
			buildActionMask = 2147483647;
			files = (
				DB80D19C1DD10EAD004B86B6 /* ArrowDreamTests.swift in Sources */,
			);
			runOnlyForDeploymentPostprocessing = 0;
		};
		DB80D19E1DD10EAD004B86B6 /* Sources */ = {
			isa = PBXSourcesBuildPhase;
			buildActionMask = 2147483647;
			files = (
				DB80D1A71DD10EAD004B86B6 /* ArrowDreamUITests.swift in Sources */,
			);
			runOnlyForDeploymentPostprocessing = 0;
		};
/* End PBXSourcesBuildPhase section */

/* Begin PBXTargetDependency section */
		DB80D1991DD10EAD004B86B6 /* PBXTargetDependency */ = {
			isa = PBXTargetDependency;
			target = DB80D1821DD10EAC004B86B6 /* ArrowDream */;
			targetProxy = DB80D1981DD10EAD004B86B6 /* PBXContainerItemProxy */;
		};
		DB80D1A41DD10EAD004B86B6 /* PBXTargetDependency */ = {
			isa = PBXTargetDependency;
			target = DB80D1821DD10EAC004B86B6 /* ArrowDream */;
			targetProxy = DB80D1A31DD10EAD004B86B6 /* PBXContainerItemProxy */;
		};
/* End PBXTargetDependency section */

/* Begin PBXVariantGroup section */
		DB80D18A1DD10EAC004B86B6 /* Main.storyboard */ = {
			isa = PBXVariantGroup;
			children = (
				DB80D18B1DD10EAC004B86B6 /* Base */,
			);
			name = Main.storyboard;
			sourceTree = "<group>";
		};
		DB80D18F1DD10EAC004B86B6 /* LaunchScreen.storyboard */ = {
			isa = PBXVariantGroup;
			children = (
				DB80D1901DD10EAC004B86B6 /* Base */,
			);
			name = LaunchScreen.storyboard;
			sourceTree = "<group>";
		};
/* End PBXVariantGroup section */

/* Begin XCBuildConfiguration section */
		DB80D1A91DD10EAD004B86B6 /* Debug */ = {
			isa = XCBuildConfiguration;
			buildSettings = {
				ALWAYS_SEARCH_USER_PATHS = NO;
				CLANG_ANALYZER_NONNULL = YES;
				CLANG_CXX_LANGUAGE_STANDARD = "gnu++0x";
				CLANG_CXX_LIBRARY = "libc++";
				CLANG_ENABLE_MODULES = YES;
				CLANG_ENABLE_OBJC_ARC = YES;
				CLANG_WARN_BOOL_CONVERSION = YES;
				CLANG_WARN_CONSTANT_CONVERSION = YES;
				CLANG_WARN_DIRECT_OBJC_ISA_USAGE = YES_ERROR;
				CLANG_WARN_DOCUMENTATION_COMMENTS = YES;
				CLANG_WARN_EMPTY_BODY = YES;
				CLANG_WARN_ENUM_CONVERSION = YES;
				CLANG_WARN_INFINITE_RECURSION = YES;
				CLANG_WARN_INT_CONVERSION = YES;
				CLANG_WARN_OBJC_ROOT_CLASS = YES_ERROR;
				CLANG_WARN_SUSPICIOUS_MOVE = YES;
				CLANG_WARN_SUSPICIOUS_MOVES = YES;
				CLANG_WARN_UNREACHABLE_CODE = YES;
				CLANG_WARN__DUPLICATE_METHOD_MATCH = YES;
				"CODE_SIGN_IDENTITY[sdk=iphoneos*]" = "iPhone Developer";
				COPY_PHASE_STRIP = NO;
				DEBUG_INFORMATION_FORMAT = dwarf;
				ENABLE_STRICT_OBJC_MSGSEND = YES;
				ENABLE_TESTABILITY = YES;
				GCC_C_LANGUAGE_STANDARD = gnu99;
				GCC_DYNAMIC_NO_PIC = NO;
				GCC_NO_COMMON_BLOCKS = YES;
				GCC_OPTIMIZATION_LEVEL = 0;
				GCC_PREPROCESSOR_DEFINITIONS = (
					"DEBUG=1",
					"$(inherited)",
				);
				GCC_WARN_64_TO_32_BIT_CONVERSION = YES;
				GCC_WARN_ABOUT_RETURN_TYPE = YES_ERROR;
				GCC_WARN_UNDECLARED_SELECTOR = YES;
				GCC_WARN_UNINITIALIZED_AUTOS = YES_AGGRESSIVE;
				GCC_WARN_UNUSED_FUNCTION = YES;
				GCC_WARN_UNUSED_VARIABLE = YES;
				IPHONEOS_DEPLOYMENT_TARGET = 9.3;
				MTL_ENABLE_DEBUG_INFO = YES;
				ONLY_ACTIVE_ARCH = YES;
				SDKROOT = iphoneos;
				SWIFT_ACTIVE_COMPILATION_CONDITIONS = DEBUG;
				SWIFT_OPTIMIZATION_LEVEL = "-Onone";
				TARGETED_DEVICE_FAMILY = "1,2";
			};
			name = Debug;
		};
		DB80D1AA1DD10EAD004B86B6 /* Release */ = {
			isa = XCBuildConfiguration;
			buildSettings = {
				ALWAYS_SEARCH_USER_PATHS = NO;
				CLANG_ANALYZER_NONNULL = YES;
				CLANG_CXX_LANGUAGE_STANDARD = "gnu++0x";
				CLANG_CXX_LIBRARY = "libc++";
				CLANG_ENABLE_MODULES = YES;
				CLANG_ENABLE_OBJC_ARC = YES;
				CLANG_WARN_BOOL_CONVERSION = YES;
				CLANG_WARN_CONSTANT_CONVERSION = YES;
				CLANG_WARN_DIRECT_OBJC_ISA_USAGE = YES_ERROR;
				CLANG_WARN_DOCUMENTATION_COMMENTS = YES;
				CLANG_WARN_EMPTY_BODY = YES;
				CLANG_WARN_ENUM_CONVERSION = YES;
				CLANG_WARN_INFINITE_RECURSION = YES;
				CLANG_WARN_INT_CONVERSION = YES;
				CLANG_WARN_OBJC_ROOT_CLASS = YES_ERROR;
				CLANG_WARN_SUSPICIOUS_MOVE = YES;
				CLANG_WARN_SUSPICIOUS_MOVES = YES;
				CLANG_WARN_UNREACHABLE_CODE = YES;
				CLANG_WARN__DUPLICATE_METHOD_MATCH = YES;
				"CODE_SIGN_IDENTITY[sdk=iphoneos*]" = "iPhone Developer";
				COPY_PHASE_STRIP = NO;
				DEBUG_INFORMATION_FORMAT = "dwarf-with-dsym";
				ENABLE_NS_ASSERTIONS = NO;
				ENABLE_STRICT_OBJC_MSGSEND = YES;
				GCC_C_LANGUAGE_STANDARD = gnu99;
				GCC_NO_COMMON_BLOCKS = YES;
				GCC_WARN_64_TO_32_BIT_CONVERSION = YES;
				GCC_WARN_ABOUT_RETURN_TYPE = YES_ERROR;
				GCC_WARN_UNDECLARED_SELECTOR = YES;
				GCC_WARN_UNINITIALIZED_AUTOS = YES_AGGRESSIVE;
				GCC_WARN_UNUSED_FUNCTION = YES;
				GCC_WARN_UNUSED_VARIABLE = YES;
				IPHONEOS_DEPLOYMENT_TARGET = 9.3;
				MTL_ENABLE_DEBUG_INFO = NO;
				SDKROOT = iphoneos;
				SWIFT_OPTIMIZATION_LEVEL = "-Owholemodule";
				TARGETED_DEVICE_FAMILY = "1,2";
				VALIDATE_PRODUCT = YES;
			};
			name = Release;
		};
		DB80D1AC1DD10EAD004B86B6 /* Debug */ = {
			isa = XCBuildConfiguration;
			baseConfigurationReference = 620AA3F374D48244EBD8938E /* Pods-ArrowDream.debug.xcconfig */;
			buildSettings = {
				ASSETCATALOG_COMPILER_APPICON_NAME = AppIcon;
				CODE_SIGN_ENTITLEMENTS = ArrowDream/ArrowDream.entitlements;
				DEVELOPMENT_TEAM = 4YBGQSFC2V;
				INFOPLIST_FILE = ArrowDream/Info.plist;
				IPHONEOS_DEPLOYMENT_TARGET = 9.2;
				LD_RUNPATH_SEARCH_PATHS = "$(inherited) @executable_path/Frameworks";
				PRODUCT_BUNDLE_IDENTIFIER = com.orion.ArrowDream;
				PRODUCT_NAME = "$(TARGET_NAME)";
				SWIFT_VERSION = 3.0;
			};
			name = Debug;
		};
		DB80D1AD1DD10EAD004B86B6 /* Release */ = {
			isa = XCBuildConfiguration;
			baseConfigurationReference = D3BFFD5751F9AC5CD0365D45 /* Pods-ArrowDream.release.xcconfig */;
			buildSettings = {
				ASSETCATALOG_COMPILER_APPICON_NAME = AppIcon;
				CODE_SIGN_ENTITLEMENTS = ArrowDream/ArrowDream.entitlements;
				DEVELOPMENT_TEAM = 4YBGQSFC2V;
				INFOPLIST_FILE = ArrowDream/Info.plist;
				IPHONEOS_DEPLOYMENT_TARGET = 9.2;
				LD_RUNPATH_SEARCH_PATHS = "$(inherited) @executable_path/Frameworks";
				PRODUCT_BUNDLE_IDENTIFIER = com.orion.ArrowDream;
				PRODUCT_NAME = "$(TARGET_NAME)";
				SWIFT_VERSION = 3.0;
			};
			name = Release;
		};
		DB80D1AF1DD10EAD004B86B6 /* Debug */ = {
			isa = XCBuildConfiguration;
			baseConfigurationReference = 5C40A52D981AA4111C4348C5 /* Pods-ArrowDreamTests.debug.xcconfig */;
			buildSettings = {
				ALWAYS_EMBED_SWIFT_STANDARD_LIBRARIES = YES;
				BUNDLE_LOADER = "$(TEST_HOST)";
				DEVELOPMENT_TEAM = 4YBGQSFC2V;
				INFOPLIST_FILE = ArrowDreamTests/Info.plist;
				LD_RUNPATH_SEARCH_PATHS = "$(inherited) @executable_path/Frameworks @loader_path/Frameworks";
				PRODUCT_BUNDLE_IDENTIFIER = com.orion.ArrowDreamTests;
				PRODUCT_NAME = "$(TARGET_NAME)";
				SWIFT_VERSION = 3.0;
				TEST_HOST = "$(BUILT_PRODUCTS_DIR)/ArrowDream.app/ArrowDream";
			};
			name = Debug;
		};
		DB80D1B01DD10EAD004B86B6 /* Release */ = {
			isa = XCBuildConfiguration;
			baseConfigurationReference = 2CB2652176C0E59C8D1323C9 /* Pods-ArrowDreamTests.release.xcconfig */;
			buildSettings = {
				ALWAYS_EMBED_SWIFT_STANDARD_LIBRARIES = YES;
				BUNDLE_LOADER = "$(TEST_HOST)";
				DEVELOPMENT_TEAM = 4YBGQSFC2V;
				INFOPLIST_FILE = ArrowDreamTests/Info.plist;
				LD_RUNPATH_SEARCH_PATHS = "$(inherited) @executable_path/Frameworks @loader_path/Frameworks";
				PRODUCT_BUNDLE_IDENTIFIER = com.orion.ArrowDreamTests;
				PRODUCT_NAME = "$(TARGET_NAME)";
				SWIFT_VERSION = 3.0;
				TEST_HOST = "$(BUILT_PRODUCTS_DIR)/ArrowDream.app/ArrowDream";
			};
			name = Release;
		};
		DB80D1B21DD10EAD004B86B6 /* Debug */ = {
			isa = XCBuildConfiguration;
			baseConfigurationReference = 552DEB383B47BB7F5043877A /* Pods-ArrowDreamUITests.debug.xcconfig */;
			buildSettings = {
				ALWAYS_EMBED_SWIFT_STANDARD_LIBRARIES = YES;
				DEVELOPMENT_TEAM = 4YBGQSFC2V;
				INFOPLIST_FILE = ArrowDreamUITests/Info.plist;
				LD_RUNPATH_SEARCH_PATHS = "$(inherited) @executable_path/Frameworks @loader_path/Frameworks";
				PRODUCT_BUNDLE_IDENTIFIER = com.orion.ArrowDreamUITests;
				PRODUCT_NAME = "$(TARGET_NAME)";
				SWIFT_VERSION = 3.0;
				TEST_TARGET_NAME = ArrowDream;
			};
			name = Debug;
		};
		DB80D1B31DD10EAD004B86B6 /* Release */ = {
			isa = XCBuildConfiguration;
			baseConfigurationReference = 35543E80E78BBE1EF95E65B5 /* Pods-ArrowDreamUITests.release.xcconfig */;
			buildSettings = {
				ALWAYS_EMBED_SWIFT_STANDARD_LIBRARIES = YES;
				DEVELOPMENT_TEAM = 4YBGQSFC2V;
				INFOPLIST_FILE = ArrowDreamUITests/Info.plist;
				LD_RUNPATH_SEARCH_PATHS = "$(inherited) @executable_path/Frameworks @loader_path/Frameworks";
				PRODUCT_BUNDLE_IDENTIFIER = com.orion.ArrowDreamUITests;
				PRODUCT_NAME = "$(TARGET_NAME)";
				SWIFT_VERSION = 3.0;
				TEST_TARGET_NAME = ArrowDream;
			};
			name = Release;
		};
/* End XCBuildConfiguration section */

/* Begin XCConfigurationList section */
		DB80D17E1DD10EAC004B86B6 /* Build configuration list for PBXProject "ArrowDream" */ = {
			isa = XCConfigurationList;
			buildConfigurations = (
				DB80D1A91DD10EAD004B86B6 /* Debug */,
				DB80D1AA1DD10EAD004B86B6 /* Release */,
			);
			defaultConfigurationIsVisible = 0;
			defaultConfigurationName = Release;
		};
		DB80D1AB1DD10EAD004B86B6 /* Build configuration list for PBXNativeTarget "ArrowDream" */ = {
			isa = XCConfigurationList;
			buildConfigurations = (
				DB80D1AC1DD10EAD004B86B6 /* Debug */,
				DB80D1AD1DD10EAD004B86B6 /* Release */,
			);
			defaultConfigurationIsVisible = 0;
			defaultConfigurationName = Release;
		};
		DB80D1AE1DD10EAD004B86B6 /* Build configuration list for PBXNativeTarget "ArrowDreamTests" */ = {
			isa = XCConfigurationList;
			buildConfigurations = (
				DB80D1AF1DD10EAD004B86B6 /* Debug */,
				DB80D1B01DD10EAD004B86B6 /* Release */,
			);
			defaultConfigurationIsVisible = 0;
			defaultConfigurationName = Release;
		};
		DB80D1B11DD10EAD004B86B6 /* Build configuration list for PBXNativeTarget "ArrowDreamUITests" */ = {
			isa = XCConfigurationList;
			buildConfigurations = (
				DB80D1B21DD10EAD004B86B6 /* Debug */,
				DB80D1B31DD10EAD004B86B6 /* Release */,
			);
			defaultConfigurationIsVisible = 0;
			defaultConfigurationName = Release;
		};
/* End XCConfigurationList section */
	};
	rootObject = DB80D17B1DD10EAC004B86B6 /* Project object */;
}
